
Microsoft Visual Studio Solution File, Format Version 12.00
# Visual Studio Version 16
VisualStudioVersion = 16.0.30503.244
MinimumVisualStudioVersion = 10.0.40219.1
Project("{2150E333-8FDC-42A3-9474-1A3956D46DE8}") = "Solution Items", "Solution Items", "{C666174E-BF5A-4D34-B9C6-549DC327A7F5}"
	ProjectSection(SolutionItems) = preProject
		.editorconfig = .editorconfig
		.gitattributes = .gitattributes
		.gitignore = .gitignore
	EndProjectSection
EndProject
Project("{2150E333-8FDC-42A3-9474-1A3956D46DE8}") = "Demos", "Demos", "{07766B7C-92A3-42FD-BFC1-A5730A6D154E}"
EndProject
Project("{2150E333-8FDC-42A3-9474-1A3956D46DE8}") = "Cores", "Cores", "{DE281693-1993-479C-A672-10D61E74B412}"
EndProject
Project("{8BC9CEB8-8B4A-11D0-8D11-00A0C91BC942}") = "Utilities", "Cores\Utilities\Utilities.vcxproj", "{35EA6B7D-75EC-44B7-A6AE-7F6A9B018155}"
EndProject
Project("{8BC9CEB8-8B4A-11D0-8D11-00A0C91BC942}") = "Graphics", "Cores\Graphics\Graphics.vcxproj", "{012EDAD3-7194-4172-8879-B26AFED8410A}"
EndProject
Project("{8BC9CEB8-8B4A-11D0-8D11-00A0C91BC942}") = "Viewer", "Cores\Viewer\Viewer.vcxproj", "{40778D21-F29D-4C9C-91EF-CB227C464F44}"
EndProject
Project("{8BC9CEB8-8B4A-11D0-8D11-00A0C91BC942}") = "Test", "Demos\Test\Test.vcxproj", "{DDFE9D2E-1451-4F35-B77B-7586A5DF551B}"
EndProject
Project("{8BC9CEB8-8B4A-11D0-8D11-00A0C91BC942}") = "Physics", "Cores\Physics\Physics.vcxproj", "{EACF5052-AB16-4FAC-BF50-60E7775ECAC2}"
EndProject
Project("{8BC9CEB8-8B4A-11D0-8D11-00A0C91BC942}") = "Structures", "Cores\Structures\Structures.vcxproj", "{11FDB336-D077-4FAB-BEDF-3444181A927D}"
EndProject
Project("{8BC9CEB8-8B4A-11D0-8D11-00A0C91BC942}") = "Geometries", "Cores\Geometries\Geometries.vcxproj", "{C94749BC-3D90-4972-9E0D-D8C5D6D0DF60}"
EndProject
Global
	GlobalSection(SolutionConfigurationPlatforms) = preSolution
		Debug|x64 = Debug|x64
		Release|x64 = Release|x64
	EndGlobalSection
	GlobalSection(ProjectConfigurationPlatforms) = postSolution
		{35EA6B7D-75EC-44B7-A6AE-7F6A9B018155}.Debug|x64.ActiveCfg = Debug|x64
		{35EA6B7D-75EC-44B7-A6AE-7F6A9B018155}.Debug|x64.Build.0 = Debug|x64
		{35EA6B7D-75EC-44B7-A6AE-7F6A9B018155}.Release|x64.ActiveCfg = Release|x64
		{35EA6B7D-75EC-44B7-A6AE-7F6A9B018155}.Release|x64.Build.0 = Release|x64
		{012EDAD3-7194-4172-8879-B26AFED8410A}.Debug|x64.ActiveCfg = Debug|x64
		{012EDAD3-7194-4172-8879-B26AFED8410A}.Debug|x64.Build.0 = Debug|x64
		{012EDAD3-7194-4172-8879-B26AFED8410A}.Release|x64.ActiveCfg = Release|x64
		{012EDAD3-7194-4172-8879-B26AFED8410A}.Release|x64.Build.0 = Release|x64
		{40778D21-F29D-4C9C-91EF-CB227C464F44}.Debug|x64.ActiveCfg = Debug|x64
		{40778D21-F29D-4C9C-91EF-CB227C464F44}.Debug|x64.Build.0 = Debug|x64
		{40778D21-F29D-4C9C-91EF-CB227C464F44}.Release|x64.ActiveCfg = Release|x64
		{40778D21-F29D-4C9C-91EF-CB227C464F44}.Release|x64.Build.0 = Release|x64
		{DDFE9D2E-1451-4F35-B77B-7586A5DF551B}.Debug|x64.ActiveCfg = Debug|x64
		{DDFE9D2E-1451-4F35-B77B-7586A5DF551B}.Debug|x64.Build.0 = Debug|x64
		{DDFE9D2E-1451-4F35-B77B-7586A5DF551B}.Release|x64.ActiveCfg = Release|x64
		{DDFE9D2E-1451-4F35-B77B-7586A5DF551B}.Release|x64.Build.0 = Release|x64
		{EACF5052-AB16-4FAC-BF50-60E7775ECAC2}.Debug|x64.ActiveCfg = Debug|x64
		{EACF5052-AB16-4FAC-BF50-60E7775ECAC2}.Debug|x64.Build.0 = Debug|x64
		{EACF5052-AB16-4FAC-BF50-60E7775ECAC2}.Release|x64.ActiveCfg = Release|x64
		{EACF5052-AB16-4FAC-BF50-60E7775ECAC2}.Release|x64.Build.0 = Release|x64
		{11FDB336-D077-4FAB-BEDF-3444181A927D}.Debug|x64.ActiveCfg = Debug|x64
		{11FDB336-D077-4FAB-BEDF-3444181A927D}.Debug|x64.Build.0 = Debug|x64
		{11FDB336-D077-4FAB-BEDF-3444181A927D}.Release|x64.ActiveCfg = Release|x64
		{11FDB336-D077-4FAB-BEDF-3444181A927D}.Release|x64.Build.0 = Release|x64
		{C94749BC-3D90-4972-9E0D-D8C5D6D0DF60}.Debug|x64.ActiveCfg = Debug|x64
		{C94749BC-3D90-4972-9E0D-D8C5D6D0DF60}.Debug|x64.Build.0 = Debug|x64
		{C94749BC-3D90-4972-9E0D-D8C5D6D0DF60}.Release|x64.ActiveCfg = Release|x64
		{C94749BC-3D90-4972-9E0D-D8C5D6D0DF60}.Release|x64.Build.0 = Release|x64
	EndGlobalSection
	GlobalSection(SolutionProperties) = preSolution
		HideSolutionNode = FALSE
	EndGlobalSection
	GlobalSection(NestedProjects) = preSolution
		{35EA6B7D-75EC-44B7-A6AE-7F6A9B018155} = {DE281693-1993-479C-A672-10D61E74B412}
		{012EDAD3-7194-4172-8879-B26AFED8410A} = {DE281693-1993-479C-A672-10D61E74B412}
		{40778D21-F29D-4C9C-91EF-CB227C464F44} = {DE281693-1993-479C-A672-10D61E74B412}
		{DDFE9D2E-1451-4F35-B77B-7586A5DF551B} = {07766B7C-92A3-42FD-BFC1-A5730A6D154E}
		{EACF5052-AB16-4FAC-BF50-60E7775ECAC2} = {DE281693-1993-479C-A672-10D61E74B412}
		{11FDB336-D077-4FAB-BEDF-3444181A927D} = {DE281693-1993-479C-A672-10D61E74B412}
		{C94749BC-3D90-4972-9E0D-D8C5D6D0DF60} = {DE281693-1993-479C-A672-10D61E74B412}
	EndGlobalSection
	GlobalSection(ExtensibilityGlobals) = postSolution
		SolutionGuid = {3FF25F6D-05AD-416D-82C1-A2E523A66E8D}
	EndGlobalSection
EndGlobal
