
Microsoft Visual Studio Solution File, Format Version 12.00
# Visual Studio Version 16
VisualStudioVersion = 16.0.30503.244
MinimumVisualStudioVersion = 10.0.40219.1
Project("{2150E333-8FDC-42A3-9474-1A3956D46DE8}") = "Solution Items", "Solution Items", "{C666174E-BF5A-4D34-B9C6-549DC327A7F5}"
	ProjectSection(SolutionItems) = preProject
		.editorconfig = .editorconfig
		.gitattributes = .gitattributes
		.gitignore = .gitignore
	EndProjectSection
EndProject
Project("{2150E333-8FDC-42A3-9474-1A3956D46DE8}") = "Simulations", "Simulations", "{88B55AF8-FAE7-470B-861B-9EFF40C75CF4}"
EndProject
Project("{8BC9CEB8-8B4A-11D0-8D11-00A0C91BC942}") = "Test", "Simulations\Test\Test.vcxproj", "{F7390AB9-DDA2-4300-BCD4-47BA6583D026}"
EndProject
Project("{8BC9CEB8-8B4A-11D0-8D11-00A0C91BC942}") = "PhysXCore", "Simulations\PhysXCore\PhysXCore.vcxproj", "{6CDE1E68-EAD1-419C-9511-67085B9C6F4C}"
EndProject
Project("{2150E333-8FDC-42A3-9474-1A3956D46DE8}") = "Rendering", "Rendering", "{5EC6002E-7011-4C7B-BE20-2AE780323872}"
EndProject
Project("{8BC9CEB8-8B4A-11D0-8D11-00A0C91BC942}") = "GraphicsEngine", "Rendering\GraphicsEngine\GraphicsEngine.vcxproj", "{EE347500-0F7C-49D6-92DD-9217B1EF38EB}"
EndProject
Project("{8BC9CEB8-8B4A-11D0-8D11-00A0C91BC942}") = "Viewer", "rendering\Viewer\Viewer.vcxproj", "{914D02A7-E011-4CBD-8918-C13E881C2469}"
EndProject
Global
	GlobalSection(SolutionConfigurationPlatforms) = preSolution
		Debug|x64 = Debug|x64
		Release|x64 = Release|x64
	EndGlobalSection
	GlobalSection(ProjectConfigurationPlatforms) = postSolution
		{F7390AB9-DDA2-4300-BCD4-47BA6583D026}.Debug|x64.ActiveCfg = Debug|x64
		{F7390AB9-DDA2-4300-BCD4-47BA6583D026}.Debug|x64.Build.0 = Debug|x64
		{F7390AB9-DDA2-4300-BCD4-47BA6583D026}.Release|x64.ActiveCfg = Release|x64
		{F7390AB9-DDA2-4300-BCD4-47BA6583D026}.Release|x64.Build.0 = Release|x64
		{6CDE1E68-EAD1-419C-9511-67085B9C6F4C}.Debug|x64.ActiveCfg = Debug|x64
		{6CDE1E68-EAD1-419C-9511-67085B9C6F4C}.Debug|x64.Build.0 = Debug|x64
		{6CDE1E68-EAD1-419C-9511-67085B9C6F4C}.Release|x64.ActiveCfg = Release|x64
		{6CDE1E68-EAD1-419C-9511-67085B9C6F4C}.Release|x64.Build.0 = Release|x64
		{EE347500-0F7C-49D6-92DD-9217B1EF38EB}.Debug|x64.ActiveCfg = Debug|x64
		{EE347500-0F7C-49D6-92DD-9217B1EF38EB}.Debug|x64.Build.0 = Debug|x64
		{EE347500-0F7C-49D6-92DD-9217B1EF38EB}.Release|x64.ActiveCfg = Release|x64
		{EE347500-0F7C-49D6-92DD-9217B1EF38EB}.Release|x64.Build.0 = Release|x64
		{914D02A7-E011-4CBD-8918-C13E881C2469}.Debug|x64.ActiveCfg = Debug|x64
		{914D02A7-E011-4CBD-8918-C13E881C2469}.Debug|x64.Build.0 = Debug|x64
		{914D02A7-E011-4CBD-8918-C13E881C2469}.Release|x64.ActiveCfg = Release|x64
		{914D02A7-E011-4CBD-8918-C13E881C2469}.Release|x64.Build.0 = Release|x64
	EndGlobalSection
	GlobalSection(SolutionProperties) = preSolution
		HideSolutionNode = FALSE
	EndGlobalSection
	GlobalSection(NestedProjects) = preSolution
		{F7390AB9-DDA2-4300-BCD4-47BA6583D026} = {88B55AF8-FAE7-470B-861B-9EFF40C75CF4}
		{6CDE1E68-EAD1-419C-9511-67085B9C6F4C} = {88B55AF8-FAE7-470B-861B-9EFF40C75CF4}
		{EE347500-0F7C-49D6-92DD-9217B1EF38EB} = {5EC6002E-7011-4C7B-BE20-2AE780323872}
		{914D02A7-E011-4CBD-8918-C13E881C2469} = {5EC6002E-7011-4C7B-BE20-2AE780323872}
	EndGlobalSection
	GlobalSection(ExtensibilityGlobals) = postSolution
		SolutionGuid = {3FF25F6D-05AD-416D-82C1-A2E523A66E8D}
	EndGlobalSection
EndGlobal
