<?xml version="1.0" encoding="utf-8"?>
<Project ToolsVersion="4.0" xmlns="http://schemas.microsoft.com/developer/msbuild/2003">
  <ItemGroup>
    <Filter Include="Source">
      <UniqueIdentifier>{2cf5c96a-02b7-4118-9387-ae206967b70f}</UniqueIdentifier>
    </Filter>
    <Filter Include="Source\Graphics">
      <UniqueIdentifier>{f072a5f3-41c8-4c27-84fe-f959aa2a5eb4}</UniqueIdentifier>
    </Filter>
  </ItemGroup>
  <ItemGroup>
    <ClCompile Include="..\..\Source\Graphics\GlApp.cpp">
      <Filter>Source\Graphics</Filter>
    </ClCompile>
    <ClCompile Include="..\..\Source\Graphics\GlShader.cpp">
      <Filter>Source\Graphics</Filter>
    </ClCompile>
  </ItemGroup>
  <ItemGroup>
    <ClInclude Include="..\..\Source\Graphics\GlApp.h">
      <Filter>Source\Graphics</Filter>
    </ClInclude>
    <ClInclude Include="..\..\Source\Graphics\GlShader.h">
      <Filter>Source\Graphics</Filter>
    </ClInclude>
  </ItemGroup>
</Project>