<?xml version="1.0" encoding="utf-8"?>
<Project ToolsVersion="4.0" xmlns="http://schemas.microsoft.com/developer/msbuild/2003">
  <ItemGroup>
    <Filter Include="Header Files">
      <UniqueIdentifier>{93995380-89BD-4b04-88EB-625FBE52EBFB}</UniqueIdentifier>
      <Extensions>h;hh;hpp;hxx;h++;hm;inl;inc;ipp;xsd</Extensions>
    </Filter>
    <Filter Include="Source Files">
      <UniqueIdentifier>{4FC737F1-C7A5-4376-A066-2A32D752A2FF}</UniqueIdentifier>
      <Extensions>cpp;c;cc;cxx;c++;cppm;ixx;def;odl;idl;hpj;bat;asm;asmx</Extensions>
    </Filter>
    <Filter Include="Resource Files">
      <UniqueIdentifier>{67DA6AB6-F800-4c08-8B7A-83BB121AAD01}</UniqueIdentifier>
      <Extensions>rc;ico;cur;bmp;dlg;rc2;rct;bin;rgs;gif;jpg;jpeg;jpe;resx;tiff;tif;png;wav;mfcribbon-ms</Extensions>
    </Filter>
  </ItemGroup>
  <ItemGroup>
    <ClInclude Include="Simulation.h">
      <Filter>Header Files</Filter>
    </ClInclude>
    <ClInclude Include="Simulator.h">
      <Filter>Header Files</Filter>
    </ClInclude>
    <ClInclude Include="EulerianAdvector.h">
      <Filter>Header Files</Filter>
    </ClInclude>
    <ClInclude Include="EulerianFluid.h">
      <Filter>Header Files</Filter>
    </ClInclude>
    <ClInclude Include="EulerianProjector.h">
      <Filter>Header Files</Filter>
    </ClInclude>
    <ClInclude Include="LevelSetLiquid.h">
      <Filter>Header Files</Filter>
    </ClInclude>
    <ClInclude Include="EulerianBoundaryHelper.h">
      <Filter>Header Files</Filter>
    </ClInclude>
    <ClInclude Include="ParticleInCellLiquid.h">
      <Filter>Header Files</Filter>
    </ClInclude>
    <ClInclude Include="AffineParticleInCellLiquid.h">
      <Filter>Header Files</Filter>
    </ClInclude>
    <ClInclude Include="SpringMassSystem.h">
      <Filter>Header Files</Filter>
    </ClInclude>
    <ClInclude Include="FlImplicitParticleLiquid.h">
      <Filter>Header Files</Filter>
    </ClInclude>
    <ClInclude Include="SmthParticleHydrodLiquid.h">
      <Filter>Header Files</Filter>
    </ClInclude>
    <ClInclude Include="PredCorrIncomprSphLiquid.h">
      <Filter>Header Files</Filter>
    </ClInclude>
  </ItemGroup>
  <ItemGroup>
    <ClCompile Include="Simulator.cpp">
      <Filter>Source Files</Filter>
    </ClCompile>
    <ClCompile Include="EulerianAdvector.cpp">
      <Filter>Source Files</Filter>
    </ClCompile>
    <ClCompile Include="EulerianFluid.cpp">
      <Filter>Source Files</Filter>
    </ClCompile>
    <ClCompile Include="EulerianProjector.cpp">
      <Filter>Source Files</Filter>
    </ClCompile>
    <ClCompile Include="LevelSetLiquid.cpp">
      <Filter>Source Files</Filter>
    </ClCompile>
    <ClCompile Include="EulerianBoundaryHelper.cpp">
      <Filter>Source Files</Filter>
    </ClCompile>
    <ClCompile Include="ParticleInCellLiquid.cpp">
      <Filter>Source Files</Filter>
    </ClCompile>
    <ClCompile Include="AffineParticleInCellLiquid.cpp">
      <Filter>Source Files</Filter>
    </ClCompile>
    <ClCompile Include="SpringMassSystem.cpp">
      <Filter>Source Files</Filter>
    </ClCompile>
    <ClCompile Include="FlImplicitParticleLiquid.cpp">
      <Filter>Source Files</Filter>
    </ClCompile>
    <ClCompile Include="SmthParticleHydrodLiquid.cpp">
      <Filter>Source Files</Filter>
    </ClCompile>
    <ClCompile Include="PredCorrIncomprSphLiquid.cpp">
      <Filter>Source Files</Filter>
    </ClCompile>
  </ItemGroup>
</Project>