<?xml version="1.0" encoding="utf-8"?>
<Project ToolsVersion="4.0" xmlns="http://schemas.microsoft.com/developer/msbuild/2003">
  <ItemGroup>
    <Filter Include="Header Files">
      <UniqueIdentifier>{93995380-89BD-4b04-88EB-625FBE52EBFB}</UniqueIdentifier>
      <Extensions>h;hh;hpp;hxx;h++;hm;inl;inc;ipp;xsd</Extensions>
    </Filter>
    <Filter Include="Source Files">
      <UniqueIdentifier>{4FC737F1-C7A5-4376-A066-2A32D752A2FF}</UniqueIdentifier>
      <Extensions>cpp;c;cc;cxx;c++;cppm;ixx;def;odl;idl;hpj;bat;asm;asmx</Extensions>
    </Filter>
    <Filter Include="Resource Files">
      <UniqueIdentifier>{67DA6AB6-F800-4c08-8B7A-83BB121AAD01}</UniqueIdentifier>
      <Extensions>rc;ico;cur;bmp;dlg;rc2;rct;bin;rgs;gif;jpg;jpeg;jpe;resx;tiff;tif;png;wav;mfcribbon-ms</Extensions>
    </Filter>
    <Filter Include="Inline Files">
      <UniqueIdentifier>{5fac9abf-daa5-43de-b2c2-e65ea2096f21}</UniqueIdentifier>
      <Extensions>inc;frag;vert</Extensions>
    </Filter>
  </ItemGroup>
  <ItemGroup>
    <ClCompile Include="GlApp.cpp">
      <Filter>Source Files</Filter>
    </ClCompile>
    <ClCompile Include="GlProgram.cpp">
      <Filter>Source Files</Filter>
    </ClCompile>
    <ClCompile Include="GlRenderItem.cpp">
      <Filter>Source Files</Filter>
    </ClCompile>
    <ClCompile Include="GlText.cpp">
      <Filter>Source Files</Filter>
    </ClCompile>
    <ClCompile Include="BitmapFont.cpp">
      <Filter>Source Files</Filter>
    </ClCompile>
    <ClCompile Include="GeometryGenerator.cpp">
      <Filter>Source Files</Filter>
    </ClCompile>
    <ClCompile Include="GlRenderTest.cpp">
      <Filter>Source Files</Filter>
    </ClCompile>
  </ItemGroup>
  <ItemGroup>
    <ClInclude Include="GlApp.h">
      <Filter>Header Files</Filter>
    </ClInclude>
    <ClInclude Include="GlProgram.h">
      <Filter>Header Files</Filter>
    </ClInclude>
    <ClInclude Include="GlRenderItem.h">
      <Filter>Header Files</Filter>
    </ClInclude>
    <ClInclude Include="GlCamera.h">
      <Filter>Header Files</Filter>
    </ClInclude>
    <ClInclude Include="GlOrbitCamera.h">
      <Filter>Header Files</Filter>
    </ClInclude>
    <ClInclude Include="BitmapFont.h">
      <Filter>Header Files</Filter>
    </ClInclude>
    <ClInclude Include="GlText.h">
      <Filter>Header Files</Filter>
    </ClInclude>
    <ClInclude Include="StepTimer.h">
      <Filter>Header Files</Filter>
    </ClInclude>
    <ClInclude Include="GeometryGenerator.h">
      <Filter>Header Files</Filter>
    </ClInclude>
    <ClInclude Include="GlRenderTest.h">
      <Filter>Header Files</Filter>
    </ClInclude>
    <ClInclude Include="GlOrthoCamera.h">
      <Filter>Header Files</Filter>
    </ClInclude>
  </ItemGroup>
  <ItemGroup>
    <None Include="BitmapConsolas.inc">
      <Filter>Inline Files</Filter>
    </None>
    <None Include="GlShadedShader.frag">
      <Filter>Inline Files</Filter>
    </None>
    <None Include="GlShadedShader.vert">
      <Filter>Inline Files</Filter>
    </None>
    <None Include="GlTextShader.frag">
      <Filter>Inline Files</Filter>
    </None>
    <None Include="GlTextShader.vert">
      <Filter>Inline Files</Filter>
    </None>
    <None Include="GlDefaultShader.frag">
      <Filter>Inline Files</Filter>
    </None>
    <None Include="GlDefaultShader.vert">
      <Filter>Inline Files</Filter>
    </None>
  </ItemGroup>
</Project>